
Microsoft Visual Studio Solution File, Format Version 12.00
# Visual Studio Version 17
VisualStudioVersion = 17.9.34728.123
MinimumVisualStudioVersion = 10.0.40219.1
Project("{FAE04EC0-301F-11D3-BF4B-00C04F79EFBC}") = "books-control", "books-control\books-control.csproj", "{DC211604-6DD7-479C-8B87-CAECA8E3E0E7}"
EndProject
Project("{E53339B2-1760-4266-BCC7-CA923CBCF16C}") = "docker-compose", "docker-compose.dcproj", "{F7CB542D-EF25-4DCF-99F0-45861DEC6185}"
EndProject
Global
	GlobalSection(SolutionConfigurationPlatforms) = preSolution
		Debug|Any CPU = Debug|Any CPU
		Release|Any CPU = Release|Any CPU
	EndGlobalSection
	GlobalSection(ProjectConfigurationPlatforms) = postSolution
		{DC211604-6DD7-479C-8B87-CAECA8E3E0E7}.Debug|Any CPU.ActiveCfg = Debug|Any CPU
		{DC211604-6DD7-479C-8B87-CAECA8E3E0E7}.Debug|Any CPU.Build.0 = Debug|Any CPU
		{DC211604-6DD7-479C-8B87-CAECA8E3E0E7}.Release|Any CPU.ActiveCfg = Release|Any CPU
		{DC211604-6DD7-479C-8B87-CAECA8E3E0E7}.Release|Any CPU.Build.0 = Release|Any CPU
		{F7CB542D-EF25-4DCF-99F0-45861DEC6185}.Debug|Any CPU.ActiveCfg = Debug|Any CPU
		{F7CB542D-EF25-4DCF-99F0-45861DEC6185}.Debug|Any CPU.Build.0 = Debug|Any CPU
		{F7CB542D-EF25-4DCF-99F0-45861DEC6185}.Release|Any CPU.ActiveCfg = Release|Any CPU
		{F7CB542D-EF25-4DCF-99F0-45861DEC6185}.Release|Any CPU.Build.0 = Release|Any CPU
	EndGlobalSection
	GlobalSection(SolutionProperties) = preSolution
		HideSolutionNode = FALSE
	EndGlobalSection
	GlobalSection(ExtensibilityGlobals) = postSolution
		SolutionGuid = {EB62EA9D-A04C-47BC-A7EF-98A2BE44BD46}
	EndGlobalSection
EndGlobal
